
Microsoft Visual Studio Solution File, Format Version 12.00
# Visual Studio Version 16
VisualStudioVersion = 16.0.30523.141
MinimumVisualStudioVersion = 10.0.40219.1
Project("{FAE04EC0-301F-11D3-BF4B-00C04F79EFBC}") = "WafLogProcessor", "WafLogProcessor.csproj", "{A93F124D-3D45-4CFE-A1C1-1F0BA47AF051}"
EndProject
Global
	GlobalSection(SolutionConfigurationPlatforms) = preSolution
		Debug|Any CPU = Debug|Any CPU
		Release|Any CPU = Release|Any CPU
	EndGlobalSection
	GlobalSection(ProjectConfigurationPlatforms) = postSolution
		{A93F124D-3D45-4CFE-A1C1-1F0BA47AF051}.Debug|Any CPU.ActiveCfg = Debug|Any CPU
		{A93F124D-3D45-4CFE-A1C1-1F0BA47AF051}.Debug|Any CPU.Build.0 = Debug|Any CPU
		{A93F124D-3D45-4CFE-A1C1-1F0BA47AF051}.Release|Any CPU.ActiveCfg = Release|Any CPU
		{A93F124D-3D45-4CFE-A1C1-1F0BA47AF051}.Release|Any CPU.Build.0 = Release|Any CPU
	EndGlobalSection
	GlobalSection(SolutionProperties) = preSolution
		HideSolutionNode = FALSE
	EndGlobalSection
	GlobalSection(ExtensibilityGlobals) = postSolution
		SolutionGuid = {3F72428E-3BF4-44BA-9871-5DDE66206747}
	EndGlobalSection
EndGlobal
